# This file is automatically @generated by Cargo.
# It is not intended for manual editing.
version = 4

[[package]]
name = "use-cidr"
version = "0.1.0"

[[package]]
name = "use-dns"
version = "0.1.0"

[[package]]
name = "use-domain"
version = "0.1.0"

[[package]]
name = "use-host"
version = "0.1.0"

[[package]]
name = "use-ip"
version = "0.1.0"

[[package]]
name = "use-mac"
version = "0.1.0"

[[package]]
name = "use-net"
version = "0.1.0"
dependencies = [
 "use-cidr",
 "use-dns",
 "use-domain",
 "use-host",
 "use-ip",
 "use-mac",
 "use-port",
 "use-socket",
 "use-tcp",
 "use-udp",
]

[[package]]
name = "use-port"
version = "0.1.0"

[[package]]
name = "use-socket"
version = "0.1.0"

[[package]]
name = "use-tcp"
version = "0.1.0"

[[package]]
name = "use-udp"
version = "0.1.0"
